
Microsoft Visual Studio Solution File, Format Version 12.00
# Visual Studio Version 17
VisualStudioVersion = 17.11.35312.102
MinimumVisualStudioVersion = 10.0.40219.1
Project("{2150E333-8FDC-42A3-9474-1A3956D46DE8}") = "src", "src", "{CC453ADD-A06B-4502-AF71-CB0D593B5A32}"
EndProject
Project("{2150E333-8FDC-42A3-9474-1A3956D46DE8}") = "test", "test", "{A1A35AFB-E701-4FCA-893D-06486A09037A}"
EndProject
Project("{2150E333-8FDC-42A3-9474-1A3956D46DE8}") = "Solution Items", "Solution Items", "{C07CE8AA-1EE7-4A83-8C96-1F6D4E7B61E8}"
	ProjectSection(SolutionItems) = preProject
		.gitignore = .gitignore
		LICENSE = LICENSE
		README.md = README.md
	EndProjectSection
EndProject
Project("{FAE04EC0-301F-11D3-BF4B-00C04F79EFBC}") = "Template.Domain", "src\Template.Domain\Template.Domain.csproj", "{624D4A9B-2164-46D9-AC84-670850BF9A80}"
EndProject
Project("{FAE04EC0-301F-11D3-BF4B-00C04F79EFBC}") = "Template.Application", "src\Template.Application\Template.Application.csproj", "{F5620199-16AB-4E0B-8913-5BFD9B4D5F31}"
EndProject
Project("{FAE04EC0-301F-11D3-BF4B-00C04F79EFBC}") = "Template.Persistence", "src\Template.Persistence\Template.Persistence.csproj", "{BFA6BBB7-0FA7-44DA-A395-F604D0DF7897}"
EndProject
Project("{FAE04EC0-301F-11D3-BF4B-00C04F79EFBC}") = "Template.Infrastructure", "src\Template.Infrastructure\Template.Infrastructure.csproj", "{16EF5AF1-3466-4730-8894-91E5BECA4A46}"
EndProject
Project("{FAE04EC0-301F-11D3-BF4B-00C04F79EFBC}") = "Template.Api", "src\Template.Api\Template.Api.csproj", "{D3F8E341-C128-4378-B625-F5BEA9C9FBE6}"
EndProject
Global
	GlobalSection(SolutionConfigurationPlatforms) = preSolution
		Debug|Any CPU = Debug|Any CPU
		Release|Any CPU = Release|Any CPU
	EndGlobalSection
	GlobalSection(ProjectConfigurationPlatforms) = postSolution
		{624D4A9B-2164-46D9-AC84-670850BF9A80}.Debug|Any CPU.ActiveCfg = Debug|Any CPU
		{624D4A9B-2164-46D9-AC84-670850BF9A80}.Debug|Any CPU.Build.0 = Debug|Any CPU
		{624D4A9B-2164-46D9-AC84-670850BF9A80}.Release|Any CPU.ActiveCfg = Release|Any CPU
		{624D4A9B-2164-46D9-AC84-670850BF9A80}.Release|Any CPU.Build.0 = Release|Any CPU
		{F5620199-16AB-4E0B-8913-5BFD9B4D5F31}.Debug|Any CPU.ActiveCfg = Debug|Any CPU
		{F5620199-16AB-4E0B-8913-5BFD9B4D5F31}.Debug|Any CPU.Build.0 = Debug|Any CPU
		{F5620199-16AB-4E0B-8913-5BFD9B4D5F31}.Release|Any CPU.ActiveCfg = Release|Any CPU
		{F5620199-16AB-4E0B-8913-5BFD9B4D5F31}.Release|Any CPU.Build.0 = Release|Any CPU
		{BFA6BBB7-0FA7-44DA-A395-F604D0DF7897}.Debug|Any CPU.ActiveCfg = Debug|Any CPU
		{BFA6BBB7-0FA7-44DA-A395-F604D0DF7897}.Debug|Any CPU.Build.0 = Debug|Any CPU
		{BFA6BBB7-0FA7-44DA-A395-F604D0DF7897}.Release|Any CPU.ActiveCfg = Release|Any CPU
		{BFA6BBB7-0FA7-44DA-A395-F604D0DF7897}.Release|Any CPU.Build.0 = Release|Any CPU
		{16EF5AF1-3466-4730-8894-91E5BECA4A46}.Debug|Any CPU.ActiveCfg = Debug|Any CPU
		{16EF5AF1-3466-4730-8894-91E5BECA4A46}.Debug|Any CPU.Build.0 = Debug|Any CPU
		{16EF5AF1-3466-4730-8894-91E5BECA4A46}.Release|Any CPU.ActiveCfg = Release|Any CPU
		{16EF5AF1-3466-4730-8894-91E5BECA4A46}.Release|Any CPU.Build.0 = Release|Any CPU
		{D3F8E341-C128-4378-B625-F5BEA9C9FBE6}.Debug|Any CPU.ActiveCfg = Debug|Any CPU
		{D3F8E341-C128-4378-B625-F5BEA9C9FBE6}.Debug|Any CPU.Build.0 = Debug|Any CPU
		{D3F8E341-C128-4378-B625-F5BEA9C9FBE6}.Release|Any CPU.ActiveCfg = Release|Any CPU
		{D3F8E341-C128-4378-B625-F5BEA9C9FBE6}.Release|Any CPU.Build.0 = Release|Any CPU
	EndGlobalSection
	GlobalSection(SolutionProperties) = preSolution
		HideSolutionNode = FALSE
	EndGlobalSection
	GlobalSection(NestedProjects) = preSolution
		{624D4A9B-2164-46D9-AC84-670850BF9A80} = {CC453ADD-A06B-4502-AF71-CB0D593B5A32}
		{F5620199-16AB-4E0B-8913-5BFD9B4D5F31} = {CC453ADD-A06B-4502-AF71-CB0D593B5A32}
		{BFA6BBB7-0FA7-44DA-A395-F604D0DF7897} = {CC453ADD-A06B-4502-AF71-CB0D593B5A32}
		{16EF5AF1-3466-4730-8894-91E5BECA4A46} = {CC453ADD-A06B-4502-AF71-CB0D593B5A32}
		{D3F8E341-C128-4378-B625-F5BEA9C9FBE6} = {CC453ADD-A06B-4502-AF71-CB0D593B5A32}
	EndGlobalSection
	GlobalSection(ExtensibilityGlobals) = postSolution
		SolutionGuid = {949626B3-B19D-4EC2-B720-22255ABD68F7}
	EndGlobalSection
EndGlobal
