
Microsoft Visual Studio Solution File, Format Version 12.00
# Visual Studio Version 17
VisualStudioVersion = 17.11.35312.102
MinimumVisualStudioVersion = 10.0.40219.1
Project("{2150E333-8FDC-42A3-9474-1A3956D46DE8}") = "src", "src", "{CC453ADD-A06B-4502-AF71-CB0D593B5A32}"
EndProject
Project("{2150E333-8FDC-42A3-9474-1A3956D46DE8}") = "test", "test", "{A1A35AFB-E701-4FCA-893D-06486A09037A}"
EndProject
Project("{2150E333-8FDC-42A3-9474-1A3956D46DE8}") = "Solution Items", "Solution Items", "{C07CE8AA-1EE7-4A83-8C96-1F6D4E7B61E8}"
	ProjectSection(SolutionItems) = preProject
		.dockerignore = .dockerignore
		.env = .env
		.gitignore = .gitignore
		docker-compose.yaml = docker-compose.yaml
		Dockerfile = Dockerfile
		LICENSE = LICENSE
		README.md = README.md
	EndProjectSection
EndProject
Project("{9A19103F-16F7-4668-BE54-9A1E7A4F7556}") = "Template.Domain", "src\Template.Domain\Template.Domain.csproj", "{624D4A9B-2164-46D9-AC84-670850BF9A80}"
EndProject
Project("{9A19103F-16F7-4668-BE54-9A1E7A4F7556}") = "Template.Application", "src\Template.Application\Template.Application.csproj", "{F5620199-16AB-4E0B-8913-5BFD9B4D5F31}"
EndProject
Project("{9A19103F-16F7-4668-BE54-9A1E7A4F7556}") = "Template.Persistence", "src\Template.Persistence\Template.Persistence.csproj", "{BFA6BBB7-0FA7-44DA-A395-F604D0DF7897}"
EndProject
Project("{9A19103F-16F7-4668-BE54-9A1E7A4F7556}") = "Template.Infrastructure", "src\Template.Infrastructure\Template.Infrastructure.csproj", "{16EF5AF1-3466-4730-8894-91E5BECA4A46}"
EndProject
Project("{9A19103F-16F7-4668-BE54-9A1E7A4F7556}") = "Template.Api", "src\Template.Api\Template.Api.csproj", "{D3F8E341-C128-4378-B625-F5BEA9C9FBE6}"
EndProject
Project("{9A19103F-16F7-4668-BE54-9A1E7A4F7556}") = "Template.Test.Utility", "test\Template.Test.Utility\Template.Test.Utility.csproj", "{7B54793B-B3CD-4522-B5FC-675F2C41A9B4}"
EndProject
Project("{2150E333-8FDC-42A3-9474-1A3956D46DE8}") = "IntegrationTests", "IntegrationTests", "{086D166A-7EED-4CD1-ACE2-683D6E7313F9}"
EndProject
Project("{9A19103F-16F7-4668-BE54-9A1E7A4F7556}") = "Template.Test.Integration.Persistence", "test\IntegrationTests\Template.Test.Integration.Persistence\Template.Test.Integration.Persistence.csproj", "{73105FDE-6E05-4E4B-87EB-7BF7A155F0B9}"
EndProject
Project("{2150E333-8FDC-42A3-9474-1A3956D46DE8}") = "UnitTests", "UnitTests", "{7A6DD568-3792-47B7-A517-287F4794903E}"
EndProject
Project("{9A19103F-16F7-4668-BE54-9A1E7A4F7556}") = "Template.Test.Unit.Infrastructure", "test\UnitTests\Template.Test.Unit.Infrastructure\Template.Test.Unit.Infrastructure.csproj", "{5D9E76B3-8B8B-47FC-9DA9-C7B7CF8584BD}"
EndProject
Project("{9A19103F-16F7-4668-BE54-9A1E7A4F7556}") = "Template.Test.Integration.Api", "test\IntegrationTests\Template.Test.Integration.Api\Template.Test.Integration.Api.csproj", "{6875E48D-3C47-419F-9FC2-E9B96FD1751E}"
EndProject
Project("{9A19103F-16F7-4668-BE54-9A1E7A4F7556}") = "Template.Test.Unit.Application", "test\UnitTests\Template.Test.Unit.Application\Template.Test.Unit.Application.csproj", "{F00DDC9D-8D0A-44D0-8981-9B65B4165E94}"
EndProject
Project("{9A19103F-16F7-4668-BE54-9A1E7A4F7556}") = "Template.Test.Unit.Persistence", "test\UnitTests\Template.Test.Unit.Persistence\Template.Test.Unit.Persistence.csproj", "{5446EC87-E7D2-4AAA-903E-D51CD1DC8F22}"
EndProject
Global
	GlobalSection(SolutionConfigurationPlatforms) = preSolution
		Debug|Any CPU = Debug|Any CPU
		Release|Any CPU = Release|Any CPU
	EndGlobalSection
	GlobalSection(ProjectConfigurationPlatforms) = postSolution
		{624D4A9B-2164-46D9-AC84-670850BF9A80}.Debug|Any CPU.ActiveCfg = Debug|Any CPU
		{624D4A9B-2164-46D9-AC84-670850BF9A80}.Debug|Any CPU.Build.0 = Debug|Any CPU
		{624D4A9B-2164-46D9-AC84-670850BF9A80}.Release|Any CPU.ActiveCfg = Release|Any CPU
		{624D4A9B-2164-46D9-AC84-670850BF9A80}.Release|Any CPU.Build.0 = Release|Any CPU
		{F5620199-16AB-4E0B-8913-5BFD9B4D5F31}.Debug|Any CPU.ActiveCfg = Debug|Any CPU
		{F5620199-16AB-4E0B-8913-5BFD9B4D5F31}.Debug|Any CPU.Build.0 = Debug|Any CPU
		{F5620199-16AB-4E0B-8913-5BFD9B4D5F31}.Release|Any CPU.ActiveCfg = Release|Any CPU
		{F5620199-16AB-4E0B-8913-5BFD9B4D5F31}.Release|Any CPU.Build.0 = Release|Any CPU
		{BFA6BBB7-0FA7-44DA-A395-F604D0DF7897}.Debug|Any CPU.ActiveCfg = Debug|Any CPU
		{BFA6BBB7-0FA7-44DA-A395-F604D0DF7897}.Debug|Any CPU.Build.0 = Debug|Any CPU
		{BFA6BBB7-0FA7-44DA-A395-F604D0DF7897}.Release|Any CPU.ActiveCfg = Release|Any CPU
		{BFA6BBB7-0FA7-44DA-A395-F604D0DF7897}.Release|Any CPU.Build.0 = Release|Any CPU
		{16EF5AF1-3466-4730-8894-91E5BECA4A46}.Debug|Any CPU.ActiveCfg = Debug|Any CPU
		{16EF5AF1-3466-4730-8894-91E5BECA4A46}.Debug|Any CPU.Build.0 = Debug|Any CPU
		{16EF5AF1-3466-4730-8894-91E5BECA4A46}.Release|Any CPU.ActiveCfg = Release|Any CPU
		{16EF5AF1-3466-4730-8894-91E5BECA4A46}.Release|Any CPU.Build.0 = Release|Any CPU
		{D3F8E341-C128-4378-B625-F5BEA9C9FBE6}.Debug|Any CPU.ActiveCfg = Debug|Any CPU
		{D3F8E341-C128-4378-B625-F5BEA9C9FBE6}.Debug|Any CPU.Build.0 = Debug|Any CPU
		{D3F8E341-C128-4378-B625-F5BEA9C9FBE6}.Release|Any CPU.ActiveCfg = Release|Any CPU
		{D3F8E341-C128-4378-B625-F5BEA9C9FBE6}.Release|Any CPU.Build.0 = Release|Any CPU
		{7B54793B-B3CD-4522-B5FC-675F2C41A9B4}.Debug|Any CPU.ActiveCfg = Debug|Any CPU
		{7B54793B-B3CD-4522-B5FC-675F2C41A9B4}.Debug|Any CPU.Build.0 = Debug|Any CPU
		{7B54793B-B3CD-4522-B5FC-675F2C41A9B4}.Release|Any CPU.ActiveCfg = Release|Any CPU
		{7B54793B-B3CD-4522-B5FC-675F2C41A9B4}.Release|Any CPU.Build.0 = Release|Any CPU
		{73105FDE-6E05-4E4B-87EB-7BF7A155F0B9}.Debug|Any CPU.ActiveCfg = Debug|Any CPU
		{73105FDE-6E05-4E4B-87EB-7BF7A155F0B9}.Debug|Any CPU.Build.0 = Debug|Any CPU
		{73105FDE-6E05-4E4B-87EB-7BF7A155F0B9}.Release|Any CPU.ActiveCfg = Release|Any CPU
		{73105FDE-6E05-4E4B-87EB-7BF7A155F0B9}.Release|Any CPU.Build.0 = Release|Any CPU
		{5D9E76B3-8B8B-47FC-9DA9-C7B7CF8584BD}.Debug|Any CPU.ActiveCfg = Debug|Any CPU
		{5D9E76B3-8B8B-47FC-9DA9-C7B7CF8584BD}.Debug|Any CPU.Build.0 = Debug|Any CPU
		{5D9E76B3-8B8B-47FC-9DA9-C7B7CF8584BD}.Release|Any CPU.ActiveCfg = Release|Any CPU
		{5D9E76B3-8B8B-47FC-9DA9-C7B7CF8584BD}.Release|Any CPU.Build.0 = Release|Any CPU
		{6875E48D-3C47-419F-9FC2-E9B96FD1751E}.Debug|Any CPU.ActiveCfg = Debug|Any CPU
		{6875E48D-3C47-419F-9FC2-E9B96FD1751E}.Debug|Any CPU.Build.0 = Debug|Any CPU
		{6875E48D-3C47-419F-9FC2-E9B96FD1751E}.Release|Any CPU.ActiveCfg = Release|Any CPU
		{6875E48D-3C47-419F-9FC2-E9B96FD1751E}.Release|Any CPU.Build.0 = Release|Any CPU
		{F00DDC9D-8D0A-44D0-8981-9B65B4165E94}.Debug|Any CPU.ActiveCfg = Debug|Any CPU
		{F00DDC9D-8D0A-44D0-8981-9B65B4165E94}.Debug|Any CPU.Build.0 = Debug|Any CPU
		{F00DDC9D-8D0A-44D0-8981-9B65B4165E94}.Release|Any CPU.ActiveCfg = Release|Any CPU
		{F00DDC9D-8D0A-44D0-8981-9B65B4165E94}.Release|Any CPU.Build.0 = Release|Any CPU
		{5446EC87-E7D2-4AAA-903E-D51CD1DC8F22}.Debug|Any CPU.ActiveCfg = Debug|Any CPU
		{5446EC87-E7D2-4AAA-903E-D51CD1DC8F22}.Debug|Any CPU.Build.0 = Debug|Any CPU
		{5446EC87-E7D2-4AAA-903E-D51CD1DC8F22}.Release|Any CPU.ActiveCfg = Release|Any CPU
		{5446EC87-E7D2-4AAA-903E-D51CD1DC8F22}.Release|Any CPU.Build.0 = Release|Any CPU
	EndGlobalSection
	GlobalSection(SolutionProperties) = preSolution
		HideSolutionNode = FALSE
	EndGlobalSection
	GlobalSection(NestedProjects) = preSolution
		{624D4A9B-2164-46D9-AC84-670850BF9A80} = {CC453ADD-A06B-4502-AF71-CB0D593B5A32}
		{F5620199-16AB-4E0B-8913-5BFD9B4D5F31} = {CC453ADD-A06B-4502-AF71-CB0D593B5A32}
		{BFA6BBB7-0FA7-44DA-A395-F604D0DF7897} = {CC453ADD-A06B-4502-AF71-CB0D593B5A32}
		{16EF5AF1-3466-4730-8894-91E5BECA4A46} = {CC453ADD-A06B-4502-AF71-CB0D593B5A32}
		{D3F8E341-C128-4378-B625-F5BEA9C9FBE6} = {CC453ADD-A06B-4502-AF71-CB0D593B5A32}
		{7B54793B-B3CD-4522-B5FC-675F2C41A9B4} = {A1A35AFB-E701-4FCA-893D-06486A09037A}
		{086D166A-7EED-4CD1-ACE2-683D6E7313F9} = {A1A35AFB-E701-4FCA-893D-06486A09037A}
		{73105FDE-6E05-4E4B-87EB-7BF7A155F0B9} = {086D166A-7EED-4CD1-ACE2-683D6E7313F9}
		{7A6DD568-3792-47B7-A517-287F4794903E} = {A1A35AFB-E701-4FCA-893D-06486A09037A}
		{5D9E76B3-8B8B-47FC-9DA9-C7B7CF8584BD} = {7A6DD568-3792-47B7-A517-287F4794903E}
		{6875E48D-3C47-419F-9FC2-E9B96FD1751E} = {086D166A-7EED-4CD1-ACE2-683D6E7313F9}
		{F00DDC9D-8D0A-44D0-8981-9B65B4165E94} = {7A6DD568-3792-47B7-A517-287F4794903E}
		{5446EC87-E7D2-4AAA-903E-D51CD1DC8F22} = {7A6DD568-3792-47B7-A517-287F4794903E}
	EndGlobalSection
	GlobalSection(ExtensibilityGlobals) = postSolution
		SolutionGuid = {949626B3-B19D-4EC2-B720-22255ABD68F7}
	EndGlobalSection
EndGlobal
